<?xml version="1.0" encoding="utf-8"?>
<Project ToolsVersion="4.0" xmlns="http://schemas.microsoft.com/developer/msbuild/2003">
  <ItemGroup>
    <Filter Include="ソース ファイル">
      <UniqueIdentifier>{4FC737F1-C7A5-4376-A066-2A32D752A2FF}</UniqueIdentifier>
      <Extensions>cpp;c;cc;cxx;c++;cppm;ixx;def;odl;idl;hpj;bat;asm;asmx</Extensions>
    </Filter>
    <Filter Include="ヘッダー ファイル">
      <UniqueIdentifier>{93995380-89BD-4b04-88EB-625FBE52EBFB}</UniqueIdentifier>
      <Extensions>h;hh;hpp;hxx;h++;hm;inl;inc;ipp;xsd</Extensions>
    </Filter>
    <Filter Include="リソース ファイル">
      <UniqueIdentifier>{67DA6AB6-F800-4c08-8B7A-83BB121AAD01}</UniqueIdentifier>
      <Extensions>rc;ico;cur;bmp;dlg;rc2;rct;bin;rgs;gif;jpg;jpeg;jpe;resx;tiff;tif;png;wav;mfcribbon-ms</Extensions>
    </Filter>
    <Filter Include="ソース ファイル\MainLoop">
      <UniqueIdentifier>{34bc77cb-a693-4ffa-bd5c-cd8bb2a1c17a}</UniqueIdentifier>
    </Filter>
    <Filter Include="ヘッダー ファイル\MainLoop">
      <UniqueIdentifier>{bd986d5d-be20-42b8-a56d-4e426e362d50}</UniqueIdentifier>
    </Filter>
    <Filter Include="ソース ファイル\Manager">
      <UniqueIdentifier>{ee72c989-c514-4b31-b65b-2702ab4ba31d}</UniqueIdentifier>
    </Filter>
    <Filter Include="ヘッダー ファイル\Manager">
      <UniqueIdentifier>{8c8dd9aa-9104-496d-a34a-6a871882f2c7}</UniqueIdentifier>
    </Filter>
    <Filter Include="ソース ファイル\Manager\Systems">
      <UniqueIdentifier>{ded893fb-b3fd-4a0c-b601-9065128e2c4c}</UniqueIdentifier>
    </Filter>
    <Filter Include="ヘッダー ファイル\Manager\Systems">
      <UniqueIdentifier>{a282952b-7f4c-49da-8d7a-021c33fc9f4b}</UniqueIdentifier>
    </Filter>
    <Filter Include="ヘッダー ファイル\Manager\other">
      <UniqueIdentifier>{061f7114-3d08-4f9b-b3fc-1ddcf53513fb}</UniqueIdentifier>
    </Filter>
    <Filter Include="ソース ファイル\Manager\other">
      <UniqueIdentifier>{85d72adc-98a6-4608-97a9-cda1e973b8a4}</UniqueIdentifier>
    </Filter>
    <Filter Include="ソース ファイル\Physics">
      <UniqueIdentifier>{4ced9aff-93a3-4ef2-8484-da55939681f5}</UniqueIdentifier>
    </Filter>
    <Filter Include="ソース ファイル\Physics\Collider">
      <UniqueIdentifier>{718bb2e4-85e5-4fd5-aae6-348d253f8dc9}</UniqueIdentifier>
    </Filter>
    <Filter Include="ソース ファイル\Physics\Collision">
      <UniqueIdentifier>{3743c366-a2c3-4724-8d8c-5800b522ec9f}</UniqueIdentifier>
    </Filter>
    <Filter Include="ソース ファイル\ObjectClass">
      <UniqueIdentifier>{182d87d0-7aa9-4344-aaf4-9473325d52d7}</UniqueIdentifier>
    </Filter>
    <Filter Include="ソース ファイル\ObjectClass\2D">
      <UniqueIdentifier>{8499fae9-b10f-4c35-876a-a863a54de858}</UniqueIdentifier>
    </Filter>
    <Filter Include="ソース ファイル\ObjectClass\3D">
      <UniqueIdentifier>{99fda056-ec81-4c86-a2ba-86c07924b00a}</UniqueIdentifier>
    </Filter>
    <Filter Include="ソース ファイル\ObjectClass\Charactor">
      <UniqueIdentifier>{3ab170a7-c848-40b4-bf56-d9cee67635ba}</UniqueIdentifier>
    </Filter>
    <Filter Include="ソース ファイル\ObjectClass\XFile">
      <UniqueIdentifier>{b20c4292-8cb1-404c-83bf-764e9397160c}</UniqueIdentifier>
    </Filter>
    <Filter Include="ソース ファイル\ObjectClass\Base">
      <UniqueIdentifier>{63e5dbee-f164-40ab-b661-61d95792c456}</UniqueIdentifier>
    </Filter>
    <Filter Include="ヘッダー ファイル\ObjectClass">
      <UniqueIdentifier>{2276367c-b10c-4149-a50c-24665a8befae}</UniqueIdentifier>
    </Filter>
    <Filter Include="ヘッダー ファイル\ObjectClass\2D">
      <UniqueIdentifier>{11cf7e89-d09d-4b58-89ed-27715c2ffb7a}</UniqueIdentifier>
    </Filter>
    <Filter Include="ヘッダー ファイル\ObjectClass\3D">
      <UniqueIdentifier>{6a4b5a48-51bc-4acb-85a4-28322b673c53}</UniqueIdentifier>
    </Filter>
    <Filter Include="ヘッダー ファイル\ObjectClass\Charactor">
      <UniqueIdentifier>{24d74c26-0c83-4b48-b63e-e2a2ddb96218}</UniqueIdentifier>
    </Filter>
    <Filter Include="ヘッダー ファイル\ObjectClass\Base">
      <UniqueIdentifier>{2c2c4ab9-171d-4bfd-b100-4c3589235718}</UniqueIdentifier>
    </Filter>
    <Filter Include="ヘッダー ファイル\Physics">
      <UniqueIdentifier>{76eb5756-d393-42f9-83a6-b50e420f86cb}</UniqueIdentifier>
    </Filter>
    <Filter Include="ヘッダー ファイル\Physics\Collider">
      <UniqueIdentifier>{26a62782-028e-4d5e-b6d8-19b3b9295d3a}</UniqueIdentifier>
    </Filter>
    <Filter Include="ヘッダー ファイル\Physics\Collision">
      <UniqueIdentifier>{7bcfabfb-1fd4-4e32-a15d-b6b6bd1d884f}</UniqueIdentifier>
    </Filter>
    <Filter Include="ヘッダー ファイル\ObjectClass\XFile">
      <UniqueIdentifier>{c610c6b7-aff2-4cb3-bc7e-0a91227cf098}</UniqueIdentifier>
    </Filter>
    <Filter Include="ソース ファイル\Effect">
      <UniqueIdentifier>{86c1a98c-432b-4f61-98e8-5baf8b58507c}</UniqueIdentifier>
    </Filter>
    <Filter Include="ヘッダー ファイル\Effect">
      <UniqueIdentifier>{f70fbd5f-fb8a-41b3-a482-248a3c626c89}</UniqueIdentifier>
    </Filter>
    <Filter Include="ソース ファイル\JsonUtil">
      <UniqueIdentifier>{db469dad-13e4-4145-95d9-2b0d5bfaca49}</UniqueIdentifier>
    </Filter>
    <Filter Include="ソース ファイル\Support">
      <UniqueIdentifier>{11a8552a-90bf-4753-8163-8294aa9fa7ef}</UniqueIdentifier>
    </Filter>
    <Filter Include="ヘッダー ファイル\Support">
      <UniqueIdentifier>{4d6b68cb-cee8-4d3b-8afc-8b78c12f6369}</UniqueIdentifier>
    </Filter>
    <Filter Include="ヘッダー ファイル\JsonUtil">
      <UniqueIdentifier>{7494d62e-c2eb-4813-b98c-3684c09ad04c}</UniqueIdentifier>
    </Filter>
    <Filter Include="ソース ファイル\JsonUtil\BaseClass">
      <UniqueIdentifier>{bb4907c7-c811-49cf-9139-09f86a79a7ee}</UniqueIdentifier>
    </Filter>
    <Filter Include="ソース ファイル\JsonUtil\CreateClass">
      <UniqueIdentifier>{77690179-afe8-4990-8b6a-e48f18e4c1cf}</UniqueIdentifier>
    </Filter>
    <Filter Include="ヘッダー ファイル\JsonUtil\BaseClass">
      <UniqueIdentifier>{8446ad35-e908-4775-a2b2-8a2ed5471d22}</UniqueIdentifier>
    </Filter>
    <Filter Include="ヘッダー ファイル\JsonUtil\CreateClass">
      <UniqueIdentifier>{271b53ee-7085-4684-82ea-99e62e581769}</UniqueIdentifier>
    </Filter>
    <Filter Include="ソース ファイル\Scene">
      <UniqueIdentifier>{e38d91c0-8549-4622-bfe5-8331417dc457}</UniqueIdentifier>
    </Filter>
    <Filter Include="ソース ファイル\Scene\SceneBase">
      <UniqueIdentifier>{bfa731c4-3178-4dec-9606-ebb290c46b07}</UniqueIdentifier>
    </Filter>
    <Filter Include="ソース ファイル\Scene\SceneManager">
      <UniqueIdentifier>{f885a96a-aee4-43d4-8feb-82d2ffa77040}</UniqueIdentifier>
    </Filter>
    <Filter Include="ソース ファイル\Scene\SceneObject">
      <UniqueIdentifier>{829b1b55-2d1d-48b2-bad3-537d90e26849}</UniqueIdentifier>
    </Filter>
    <Filter Include="ソース ファイル\OutSide">
      <UniqueIdentifier>{14ab50ab-462f-4023-adf3-fdb91b1de846}</UniqueIdentifier>
    </Filter>
    <Filter Include="ヘッダー ファイル\OutSide">
      <UniqueIdentifier>{c1dd2297-7972-4d27-9269-2045efecf5e0}</UniqueIdentifier>
    </Filter>
    <Filter Include="ヘッダー ファイル\Scene">
      <UniqueIdentifier>{f754e39f-01a8-46b5-abd0-e9899acb4650}</UniqueIdentifier>
    </Filter>
    <Filter Include="ヘッダー ファイル\Scene\BaseClass">
      <UniqueIdentifier>{65d9530e-69ef-43b6-8d68-601036f50e3f}</UniqueIdentifier>
    </Filter>
    <Filter Include="ヘッダー ファイル\Scene\SceneManager">
      <UniqueIdentifier>{f6fdbb15-c6b0-495a-b227-2c75579cf8e7}</UniqueIdentifier>
    </Filter>
    <Filter Include="ヘッダー ファイル\Scene\SceneObject">
      <UniqueIdentifier>{683c49bb-1da9-4e84-a52b-3e8260f7b6f6}</UniqueIdentifier>
    </Filter>
    <Filter Include="ソース ファイル\Shader">
      <UniqueIdentifier>{e40c7464-82fe-4bd4-ad9c-ea0925589371}</UniqueIdentifier>
    </Filter>
    <Filter Include="ヘッダー ファイル\Shader">
      <UniqueIdentifier>{6647cf30-3f1d-4600-a13f-8117de95b310}</UniqueIdentifier>
    </Filter>
    <Filter Include="ソース ファイル\Motion">
      <UniqueIdentifier>{ef748a83-2e7f-4e83-aa34-ad660316ead3}</UniqueIdentifier>
    </Filter>
    <Filter Include="ソース ファイル\Number">
      <UniqueIdentifier>{19d2da06-350b-42ea-ab3d-4d9b29dc3254}</UniqueIdentifier>
    </Filter>
    <Filter Include="ソース ファイル\Number\BaseClass">
      <UniqueIdentifier>{bbaa430a-2b5c-47e4-9a2b-e781979c57a2}</UniqueIdentifier>
    </Filter>
    <Filter Include="ヘッダー ファイル\Motion">
      <UniqueIdentifier>{9c6e2e21-8000-439a-9ba9-43cafd00ed58}</UniqueIdentifier>
    </Filter>
    <Filter Include="ヘッダー ファイル\XFile">
      <UniqueIdentifier>{14e79e0f-1c48-4493-9489-d0bdf75f6a66}</UniqueIdentifier>
    </Filter>
    <Filter Include="ヘッダー ファイル\Number">
      <UniqueIdentifier>{1a2533f7-d3b5-4ab2-bd75-8861bb141c04}</UniqueIdentifier>
    </Filter>
    <Filter Include="ヘッダー ファイル\Number\BaseClass">
      <UniqueIdentifier>{1749b79a-9fc0-4ec5-a900-98a7a1957d9d}</UniqueIdentifier>
    </Filter>
    <Filter Include="ソース ファイル\Mesh">
      <UniqueIdentifier>{b58e6343-7fb4-4c56-a939-f0aa3b9dd4b5}</UniqueIdentifier>
    </Filter>
    <Filter Include="ヘッダー ファイル\Mesh">
      <UniqueIdentifier>{3c16922c-423e-4508-80a4-9b45e83d3904}</UniqueIdentifier>
    </Filter>
    <Filter Include="ソース ファイル\Ui">
      <UniqueIdentifier>{23a8b35f-160b-42e4-8d14-094b51a42acd}</UniqueIdentifier>
    </Filter>
    <Filter Include="ヘッダー ファイル\Ui">
      <UniqueIdentifier>{a462e96b-e678-4e07-85b0-93e62905ab5e}</UniqueIdentifier>
    </Filter>
    <Filter Include="ソース ファイル\Pause">
      <UniqueIdentifier>{7ec24cfe-7112-4c93-afa1-7aadba9a08c5}</UniqueIdentifier>
    </Filter>
    <Filter Include="ヘッダー ファイル\Pause">
      <UniqueIdentifier>{c8ffdcfe-d19a-45af-9c4a-ff9cc4fc0966}</UniqueIdentifier>
    </Filter>
    <Filter Include="ソース ファイル\State">
      <UniqueIdentifier>{339d424a-6210-4e27-80a4-0fa9832ab69d}</UniqueIdentifier>
    </Filter>
    <Filter Include="ソース ファイル\State\BaseClass">
      <UniqueIdentifier>{632b8a83-3b20-4649-91a1-e6caf7fd8478}</UniqueIdentifier>
    </Filter>
    <Filter Include="ソース ファイル\State\CreateClass">
      <UniqueIdentifier>{f7a82e4b-7400-48e1-a844-ed291dc31cc7}</UniqueIdentifier>
    </Filter>
    <Filter Include="ヘッダー ファイル\State">
      <UniqueIdentifier>{42deee99-4075-4809-ae12-dec5bc8649bc}</UniqueIdentifier>
    </Filter>
    <Filter Include="ヘッダー ファイル\State\BaseState">
      <UniqueIdentifier>{6b42bd53-40d0-4d61-b544-e6b1ebddf982}</UniqueIdentifier>
    </Filter>
    <Filter Include="ヘッダー ファイル\State\CreateClass">
      <UniqueIdentifier>{6a3bddf1-057f-4fee-b629-884a4ea77c4e}</UniqueIdentifier>
    </Filter>
    <Filter Include="ヘッダー ファイル\Shadow">
      <UniqueIdentifier>{3ccd4fc2-7077-4c9f-a021-cf9efcea0785}</UniqueIdentifier>
    </Filter>
    <Filter Include="ソース ファイル\Shadow">
      <UniqueIdentifier>{3ce96109-4c94-4372-ae77-89bd50524ced}</UniqueIdentifier>
    </Filter>
    <Filter Include="ソース ファイル\Number\Score">
      <UniqueIdentifier>{add0e4e2-eead-4ff3-a1e6-1b67d9436d0c}</UniqueIdentifier>
    </Filter>
    <Filter Include="ヘッダー ファイル\Number\Score">
      <UniqueIdentifier>{317dccb2-a0e0-4a08-9229-b6b900642260}</UniqueIdentifier>
    </Filter>
    <Filter Include="ソース ファイル\Charactor">
      <UniqueIdentifier>{583a06ec-ea67-4918-b764-58d30280e892}</UniqueIdentifier>
    </Filter>
    <Filter Include="ヘッダー ファイル\Charactor">
      <UniqueIdentifier>{97497e45-38b1-4832-b440-84a43e3b1e4c}</UniqueIdentifier>
    </Filter>
    <Filter Include="ソース ファイル\XFile">
      <UniqueIdentifier>{02b9d3d3-0c72-4684-9a08-2c6ca866057f}</UniqueIdentifier>
    </Filter>
    <Filter Include="ソース ファイル\Charactor\Player">
      <UniqueIdentifier>{f6dcf11d-ee5a-44fa-99ba-61c04601f1c6}</UniqueIdentifier>
    </Filter>
    <Filter Include="ソース ファイル\Charactor\Enemy">
      <UniqueIdentifier>{052f2e9d-19da-4ca1-b15c-5035da6f2992}</UniqueIdentifier>
    </Filter>
    <Filter Include="ヘッダー ファイル\Charactor\Player">
      <UniqueIdentifier>{61b2d422-c895-469f-b808-ad12ef318882}</UniqueIdentifier>
    </Filter>
    <Filter Include="ヘッダー ファイル\Charactor\Enemy">
      <UniqueIdentifier>{9f206bbc-994f-4b44-be1b-26734d76b972}</UniqueIdentifier>
    </Filter>
    <Filter Include="ソース ファイル\Charactor\boss">
      <UniqueIdentifier>{43218d2c-9988-4951-a62e-9abb5dc0bb8b}</UniqueIdentifier>
    </Filter>
    <Filter Include="ヘッダー ファイル\Charactor\boss">
      <UniqueIdentifier>{b8748ade-aa36-43fa-8f20-af1a9948ed15}</UniqueIdentifier>
    </Filter>
    <Filter Include="ヘッダー ファイル\Charactor\friend">
      <UniqueIdentifier>{44fab2a6-d893-44b5-b6c0-ab15cdc8248f}</UniqueIdentifier>
    </Filter>
    <Filter Include="ソース ファイル\Charactor\friend">
      <UniqueIdentifier>{11cb81b3-aad0-4436-8d17-034cf2fb43bb}</UniqueIdentifier>
    </Filter>
    <Filter Include="ヘッダー ファイル\AddFile">
      <UniqueIdentifier>{cb5f10f3-5a45-4ca0-ab52-05d464a1e8c0}</UniqueIdentifier>
    </Filter>
    <Filter Include="ヘッダー ファイル\AddFile\Takahashi">
      <UniqueIdentifier>{3f8dcba0-b2a0-4e94-9e3c-a0c31151b56e}</UniqueIdentifier>
    </Filter>
    <Filter Include="ヘッダー ファイル\AddFile\Nishio">
      <UniqueIdentifier>{5e001e85-3f20-4b8e-bf10-1da3cf624cfd}</UniqueIdentifier>
    </Filter>
    <Filter Include="ヘッダー ファイル\AddFile\Chikada">
      <UniqueIdentifier>{0efc00a0-9776-49c0-8345-90226d5c1d96}</UniqueIdentifier>
    </Filter>
    <Filter Include="ソース ファイル\AddFile">
      <UniqueIdentifier>{0cf2c8d9-f9d7-4755-9d72-f46b7fd3cc10}</UniqueIdentifier>
    </Filter>
    <Filter Include="ソース ファイル\AddFile\Nishio">
      <UniqueIdentifier>{b1d909fd-1b96-4d8f-ac64-dfe704b0765f}</UniqueIdentifier>
    </Filter>
    <Filter Include="ソース ファイル\AddFile\Takahashi">
      <UniqueIdentifier>{4b6a99a9-1312-43e7-a767-86131894c32d}</UniqueIdentifier>
    </Filter>
    <Filter Include="ソース ファイル\AddFile\Chikada">
      <UniqueIdentifier>{925bc5aa-12ac-4875-b23a-4f35bf249bc9}</UniqueIdentifier>
    </Filter>
    <Filter Include="ソース ファイル\AddFile\Takahashi\Deskwork">
      <UniqueIdentifier>{e0c4187c-fe0e-477a-a8ec-2b0a9af2a5c6}</UniqueIdentifier>
    </Filter>
    <Filter Include="ヘッダー ファイル\AddFile\Takahashi\Deskwork">
      <UniqueIdentifier>{ab7f43b3-39b3-4d29-90ce-c8b4f74e3c23}</UniqueIdentifier>
    </Filter>
    <Filter Include="ヘッダー ファイル\AddFile\Takahashi\Deskwork\Manager">
      <UniqueIdentifier>{3f304c40-63dd-470c-bb59-f8d8417b5148}</UniqueIdentifier>
    </Filter>
    <Filter Include="ヘッダー ファイル\AddFile\Takahashi\Deskwork\UI">
      <UniqueIdentifier>{52ca01aa-ad1a-46c6-a8bb-3103dbd59404}</UniqueIdentifier>
    </Filter>
    <Filter Include="ヘッダー ファイル\AddFile\Takahashi\Deskwork\Task">
      <UniqueIdentifier>{78735b5c-9639-4120-8c4a-583560ff3cd8}</UniqueIdentifier>
    </Filter>
    <Filter Include="ソース ファイル\AddFile\Takahashi\Deskwork\Manager">
      <UniqueIdentifier>{6c8ac3dd-e30e-4d57-81fb-75bb4a310b66}</UniqueIdentifier>
    </Filter>
    <Filter Include="ソース ファイル\AddFile\Takahashi\Deskwork\UI">
      <UniqueIdentifier>{31d63d12-7fa1-4577-b8c0-38b067a39f51}</UniqueIdentifier>
    </Filter>
    <Filter Include="ソース ファイル\AddFile\Takahashi\Deskwork\Task">
      <UniqueIdentifier>{6851dc28-3ec6-469a-8433-6fe4e8edea60}</UniqueIdentifier>
    </Filter>
    <Filter Include="ソース ファイル\AddFile\Chikada\afk">
      <UniqueIdentifier>{090444a8-5223-4ad4-aac1-69fa2ddf0d6b}</UniqueIdentifier>
    </Filter>
    <Filter Include="ヘッダー ファイル\AddFile\Chikada\afk">
      <UniqueIdentifier>{b6c025b2-8f4e-4336-b322-92ce360d43ab}</UniqueIdentifier>
    </Filter>
    <Filter Include="ソース ファイル\AddFile\Takahashi\TutorialLines">
      <UniqueIdentifier>{8c8b8cc0-c674-4850-a2a4-6da50ddfaff8}</UniqueIdentifier>
    </Filter>
    <Filter Include="ヘッダー ファイル\AddFile\Takahashi\TutorialLines">
      <UniqueIdentifier>{a8967194-0e57-487a-a65a-bee3e42cacba}</UniqueIdentifier>
    </Filter>
    <Filter Include="ソース ファイル\AddFile\Nishio\AutoDoor">
      <UniqueIdentifier>{fee17e7f-1b6a-470b-8277-f2dd0fa38ecf}</UniqueIdentifier>
    </Filter>
    <Filter Include="ソース ファイル\AddFile\Nishio\SideOpenDoor">
      <UniqueIdentifier>{b301a7bf-4abd-4850-bab1-c4a3963d7fa0}</UniqueIdentifier>
    </Filter>
    <Filter Include="ソース ファイル\AddFile\Nishio\Charactor">
      <UniqueIdentifier>{baa4af78-d3ac-49df-bfb9-8632f7c3484b}</UniqueIdentifier>
    </Filter>
    <Filter Include="ソース ファイル\AddFile\Nishio\Charactor\enemy">
      <UniqueIdentifier>{f6dbccc8-77b5-4316-aec1-4dd63b4bdbe2}</UniqueIdentifier>
    </Filter>
    <Filter Include="ソース ファイル\AddFile\Nishio\Ui">
      <UniqueIdentifier>{2f3362ea-f642-436a-be14-d9c0dd47b461}</UniqueIdentifier>
    </Filter>
    <Filter Include="ソース ファイル\AddFile\Nishio\Charactor\freind">
      <UniqueIdentifier>{deca85e8-c440-49d3-b541-bee0f9df0efa}</UniqueIdentifier>
    </Filter>
    <Filter Include="ソース ファイル\AddFile\Takahashi\Vigilancegauge">
      <UniqueIdentifier>{6c55d758-d764-4f2e-836d-45cacca4aab1}</UniqueIdentifier>
    </Filter>
    <Filter Include="ヘッダー ファイル\AddFile\Takahashi\Vigilancegauge">
      <UniqueIdentifier>{cd84f445-3ff4-4ffa-be0d-5451684776f3}</UniqueIdentifier>
    </Filter>
    <Filter Include="ソース ファイル\AddFile\Nishio\Charactor\Mob">
      <UniqueIdentifier>{e750484a-a1bd-481f-b13f-c5df4e4ca99f}</UniqueIdentifier>
    </Filter>
    <Filter Include="ソース ファイル\AddFile\Nishio\Boss">
      <UniqueIdentifier>{56281bdb-3887-4486-9702-695a2ad9bf86}</UniqueIdentifier>
    </Filter>
    <Filter Include="ソース ファイル\AddFile\Chikada\ui">
      <UniqueIdentifier>{54b5be3c-96b0-4047-94fa-84a5c6973f2b}</UniqueIdentifier>
    </Filter>
    <Filter Include="ソース ファイル\AddFile\Takahashi\Event">
      <UniqueIdentifier>{1f38b9da-5556-48d9-8b65-1a466416328d}</UniqueIdentifier>
    </Filter>
    <Filter Include="ソース ファイル\AddFile\Takahashi\Collider">
      <UniqueIdentifier>{2749fba4-3881-4de8-b2e0-87f285ad640c}</UniqueIdentifier>
    </Filter>
    <Filter Include="ソース ファイル\AddFile\Takahashi\Other%27s">
      <UniqueIdentifier>{07b5877d-2e0d-49bf-9d0c-7a64c8760616}</UniqueIdentifier>
    </Filter>
    <Filter Include="ソース ファイル\AddFile\Chikada\effect">
      <UniqueIdentifier>{73e314ba-b4d9-4ef6-8f1a-9c4099cceb97}</UniqueIdentifier>
    </Filter>
    <Filter Include="ヘッダー ファイル\AddFile\Nishio\autodoor">
      <UniqueIdentifier>{941f64b8-d167-4cd7-8050-1cf007c63d67}</UniqueIdentifier>
    </Filter>
    <Filter Include="ヘッダー ファイル\AddFile\Nishio\Boss">
      <UniqueIdentifier>{2fffb5e8-4c3d-4508-acdd-5e73f396a065}</UniqueIdentifier>
    </Filter>
    <Filter Include="ヘッダー ファイル\AddFile\Nishio\Charactor">
      <UniqueIdentifier>{12be4b2c-a2ba-4823-841f-320193a3201c}</UniqueIdentifier>
    </Filter>
    <Filter Include="ヘッダー ファイル\AddFile\Nishio\Charactor\Enemy">
      <UniqueIdentifier>{9fa9284d-c8f2-465f-8cab-cc1ad308d792}</UniqueIdentifier>
    </Filter>
    <Filter Include="ヘッダー ファイル\AddFile\Nishio\Charactor\Friend">
      <UniqueIdentifier>{cf0872c2-f356-4312-bdd0-585b15771804}</UniqueIdentifier>
    </Filter>
    <Filter Include="ヘッダー ファイル\AddFile\Nishio\sidedoor">
      <UniqueIdentifier>{a9334db4-1a39-4df9-aede-083f8724c499}</UniqueIdentifier>
    </Filter>
    <Filter Include="ヘッダー ファイル\AddFile\Nishio\ui">
      <UniqueIdentifier>{d91a3757-094a-4047-a069-f21c1c692835}</UniqueIdentifier>
    </Filter>
    <Filter Include="ヘッダー ファイル\AddFile\Chikada\player">
      <UniqueIdentifier>{6db62063-f9ff-4dd9-a7a8-dfde6d03e406}</UniqueIdentifier>
    </Filter>
    <Filter Include="ソース ファイル\AddFile\Chikada\player">
      <UniqueIdentifier>{c440394d-d83f-4856-8541-b1436f41709b}</UniqueIdentifier>
    </Filter>
    <Filter Include="ソース ファイル\AddFile\Chikada\player\Main">
      <UniqueIdentifier>{d9f7cbfb-1c2b-453f-8d93-d311980c6ce3}</UniqueIdentifier>
    </Filter>
    <Filter Include="ソース ファイル\AddFile\Chikada\player\State">
      <UniqueIdentifier>{124dcf6f-2c0c-4ec3-8663-3518cac03995}</UniqueIdentifier>
    </Filter>
    <Filter Include="ヘッダー ファイル\AddFile\Chikada\player\State">
      <UniqueIdentifier>{3609a8ae-1cb7-43b5-9d11-5ec2a7be9444}</UniqueIdentifier>
    </Filter>
    <Filter Include="ヘッダー ファイル\AddFile\Chikada\player\Main">
      <UniqueIdentifier>{967b8099-4e6e-47c4-9c06-dfe37405967a}</UniqueIdentifier>
    </Filter>
    <Filter Include="ヘッダー ファイル\AddFile\Chikada\ui">
      <UniqueIdentifier>{bf4d650a-7b8d-46ed-b2fe-ea932e53276d}</UniqueIdentifier>
    </Filter>
    <Filter Include="ヘッダー ファイル\AddFile\Takahashi\Collider">
      <UniqueIdentifier>{35050933-8579-43f2-aef3-a31ef06f40ec}</UniqueIdentifier>
    </Filter>
    <Filter Include="ヘッダー ファイル\AddFile\Takahashi\Event">
      <UniqueIdentifier>{ebb7c107-3eee-4767-8db6-fb0171dda033}</UniqueIdentifier>
    </Filter>
    <Filter Include="ヘッダー ファイル\AddFile\Takahashi\Other%27s">
      <UniqueIdentifier>{36b86806-44d4-4620-b0cf-68fec552da3f}</UniqueIdentifier>
    </Filter>
    <Filter Include="ヘッダー ファイル\AddFile\Chikada\effect">
      <UniqueIdentifier>{ccabb3db-2b22-48ec-b834-e944893c316a}</UniqueIdentifier>
    </Filter>
    <Filter Include="ヘッダー ファイル\AddFile\Takahashi\Progressgauge">
      <UniqueIdentifier>{80bcf1fa-248c-43bb-b97b-67e3afbc2d46}</UniqueIdentifier>
    </Filter>
    <Filter Include="ソース ファイル\AddFile\Takahashi\Progressgauge">
      <UniqueIdentifier>{e967fb09-7f9b-47eb-87e7-351868b80074}</UniqueIdentifier>
    </Filter>
    <Filter Include="ソース ファイル\AddFile\Nishio\Charactor\Reception">
      <UniqueIdentifier>{37ea12a3-bec9-4bd1-a02f-4f4f10df297a}</UniqueIdentifier>
    </Filter>
    <Filter Include="ヘッダー ファイル\AddFile\Nishio\Charactor\mob">
      <UniqueIdentifier>{9ffbc454-c60f-4f88-b66e-4f651fcb0b36}</UniqueIdentifier>
    </Filter>
    <Filter Include="ヘッダー ファイル\AddFile\Nishio\Charactor\Reception">
      <UniqueIdentifier>{dd437a18-1372-42bf-98ec-9d87bff39a14}</UniqueIdentifier>
    </Filter>
    <Filter Include="ヘッダー ファイル\AddFile\Nishio\Charactor\auditor">
      <UniqueIdentifier>{a7345022-3ee8-4536-bd2d-0828cadcb742}</UniqueIdentifier>
    </Filter>
    <Filter Include="ソース ファイル\AddFile\Nishio\Charactor\auditor">
      <UniqueIdentifier>{24f74b2f-0a96-42b0-bc1c-acb11cb55700}</UniqueIdentifier>
    </Filter>
  </ItemGroup>
  <ItemGroup>
    <ClCompile Include="src\cpp\pch.cpp">
      <Filter>ソース ファイル\MainLoop</Filter>
    </ClCompile>
    <ClCompile Include="src\cpp\main.cpp">
      <Filter>ソース ファイル\MainLoop</Filter>
    </ClCompile>
    <ClCompile Include="src\cpp\billboard.cpp">
      <Filter>ソース ファイル\ObjectClass\3D</Filter>
    </ClCompile>
    <ClCompile Include="src\cpp\collider.cpp">
      <Filter>ソース ファイル\Physics\Collider</Filter>
    </ClCompile>
    <ClCompile Include="src\cpp\collision.cpp">
      <Filter>ソース ファイル\Physics\Collision</Filter>
    </ClCompile>
    <ClCompile Include="src\cpp\collisionbox.cpp">
      <Filter>ソース ファイル\Physics\Collision</Filter>
    </ClCompile>
    <ClCompile Include="src\cpp\collisionsphere.cpp">
      <Filter>ソース ファイル\Physics\Collision</Filter>
    </ClCompile>
    <ClCompile Include="src\cpp\objectX.cpp">
      <Filter>ソース ファイル\ObjectClass\XFile</Filter>
    </ClCompile>
    <ClCompile Include="src\cpp\renderer.cpp">
      <Filter>ソース ファイル\MainLoop</Filter>
    </ClCompile>
    <ClCompile Include="src\cpp\nomovecharactor.cpp">
      <Filter>ソース ファイル\ObjectClass\Charactor</Filter>
    </ClCompile>
    <ClCompile Include="src\cpp\movecharactor.cpp">
      <Filter>ソース ファイル\ObjectClass\Charactor</Filter>
    </ClCompile>
    <ClCompile Include="src\cpp\manager.cpp">
      <Filter>ソース ファイル\MainLoop</Filter>
    </ClCompile>
    <ClCompile Include="src\cpp\object3D.cpp">
      <Filter>ソース ファイル\ObjectClass\3D</Filter>
    </ClCompile>
    <ClCompile Include="src\cpp\object2D.cpp">
      <Filter>ソース ファイル\ObjectClass\2D</Filter>
    </ClCompile>
    <ClCompile Include="src\cpp\object.cpp">
      <Filter>ソース ファイル\ObjectClass\Base</Filter>
    </ClCompile>
    <ClCompile Include="src\cpp\animationobject2d.cpp">
      <Filter>ソース ファイル\ObjectClass\2D</Filter>
    </ClCompile>
    <ClCompile Include="src\cpp\block.cpp">
      <Filter>ソース ファイル\XFile</Filter>
    </ClCompile>
    <ClCompile Include="src\cpp\easing.cpp">
      <Filter>ソース ファイル\Support</Filter>
    </ClCompile>
    <ClCompile Include="src\cpp\debugproc.cpp">
      <Filter>ソース ファイル\Support</Filter>
    </ClCompile>
    <ClCompile Include="src\cpp\jsonmanager.cpp">
      <Filter>ソース ファイル\JsonUtil\BaseClass</Filter>
    </ClCompile>
    <ClCompile Include="src\cpp\jsonconverter.cpp">
      <Filter>ソース ファイル\JsonUtil\BaseClass</Filter>
    </ClCompile>
    <ClCompile Include="src\cpp\createjsonblock.cpp">
      <Filter>ソース ファイル\JsonUtil\CreateClass</Filter>
    </ClCompile>
    <ClCompile Include="src\cpp\createjsonblocknormal.cpp">
      <Filter>ソース ファイル\JsonUtil\CreateClass</Filter>
    </ClCompile>
    <ClCompile Include="src\cpp\createjsoncharactor.cpp">
      <Filter>ソース ファイル\JsonUtil\CreateClass</Filter>
    </ClCompile>
    <ClCompile Include="src\cpp\createjsonmeshdome.cpp">
      <Filter>ソース ファイル\JsonUtil\CreateClass</Filter>
    </ClCompile>
    <ClCompile Include="src\cpp\createjsonmeshfield.cpp">
      <Filter>ソース ファイル\JsonUtil\CreateClass</Filter>
    </ClCompile>
    <ClCompile Include="src\cpp\createjsonnomove.cpp">
      <Filter>ソース ファイル\JsonUtil\CreateClass</Filter>
    </ClCompile>
    <ClCompile Include="src\cpp\createjsonui.cpp">
      <Filter>ソース ファイル\JsonUtil\CreateClass</Filter>
    </ClCompile>
    <ClCompile Include="src\cpp\createjsonwall.cpp">
      <Filter>ソース ファイル\JsonUtil\CreateClass</Filter>
    </ClCompile>
    <ClCompile Include="src\cpp\scene.cpp">
      <Filter>ソース ファイル\Scene\SceneBase</Filter>
    </ClCompile>
    <ClCompile Include="src\cpp\fade.cpp">
      <Filter>ソース ファイル\Scene\SceneBase</Filter>
    </ClCompile>
    <ClCompile Include="src\cpp\sound.cpp">
      <Filter>ソース ファイル\OutSide</Filter>
    </ClCompile>
    <ClCompile Include="src\cpp\texture.cpp">
      <Filter>ソース ファイル\OutSide</Filter>
    </ClCompile>
    <ClCompile Include="src\cpp\camera.cpp">
      <Filter>ソース ファイル\OutSide</Filter>
    </ClCompile>
    <ClCompile Include="src\cpp\input.cpp">
      <Filter>ソース ファイル\OutSide</Filter>
    </ClCompile>
    <ClCompile Include="src\cpp\light.cpp">
      <Filter>ソース ファイル\OutSide</Filter>
    </ClCompile>
    <ClCompile Include="src\cpp\xfilemanager.cpp">
      <Filter>ソース ファイル\Manager\other</Filter>
    </ClCompile>
    <ClCompile Include="src\cpp\modelmanager.cpp">
      <Filter>ソース ファイル\Manager\other</Filter>
    </ClCompile>
    <ClCompile Include="src\cpp\model.cpp">
      <Filter>ソース ファイル\XFile</Filter>
    </ClCompile>
    <ClCompile Include="src\cpp\outline.cpp">
      <Filter>ソース ファイル\Shader</Filter>
    </ClCompile>
    <ClCompile Include="src\cpp\boxtospherecollision.cpp">
      <Filter>ソース ファイル\Physics\Collision</Filter>
    </ClCompile>
    <ClCompile Include="src\cpp\instancemodel.cpp">
      <Filter>ソース ファイル\XFile</Filter>
    </ClCompile>
    <ClCompile Include="src\cpp\motion.cpp">
      <Filter>ソース ファイル\Motion</Filter>
    </ClCompile>
    <ClCompile Include="src\cpp\motioninstancing.cpp">
      <Filter>ソース ファイル\Motion</Filter>
    </ClCompile>
    <ClCompile Include="src\cpp\number.cpp">
      <Filter>ソース ファイル\Number\BaseClass</Filter>
    </ClCompile>
    <ClCompile Include="src\cpp\instancemodelmanager.cpp">
      <Filter>ソース ファイル\Manager\other</Filter>
    </ClCompile>
    <ClCompile Include="src\cpp\instancing.cpp">
      <Filter>ソース ファイル\Shader</Filter>
    </ClCompile>
    <ClCompile Include="src\cpp\instancingcharactor.cpp">
      <Filter>ソース ファイル\ObjectClass\Charactor</Filter>
    </ClCompile>
    <ClCompile Include="src\cpp\meshcylinder.cpp">
      <Filter>ソース ファイル\Mesh</Filter>
    </ClCompile>
    <ClCompile Include="src\cpp\meshdome.cpp">
      <Filter>ソース ファイル\Mesh</Filter>
    </ClCompile>
    <ClCompile Include="src\cpp\meshfield.cpp">
      <Filter>ソース ファイル\Mesh</Filter>
    </ClCompile>
    <ClCompile Include="src\cpp\meshimpact.cpp">
      <Filter>ソース ファイル\Mesh</Filter>
    </ClCompile>
    <ClCompile Include="src\cpp\meshpiler.cpp">
      <Filter>ソース ファイル\Mesh</Filter>
    </ClCompile>
    <ClCompile Include="src\cpp\tutorial.cpp">
      <Filter>ソース ファイル\Scene\SceneBase</Filter>
    </ClCompile>
    <ClCompile Include="src\cpp\game.cpp">
      <Filter>ソース ファイル\Scene\SceneBase</Filter>
    </ClCompile>
    <ClCompile Include="src\cpp\ranking.cpp">
      <Filter>ソース ファイル\Scene\SceneBase</Filter>
    </ClCompile>
    <ClCompile Include="src\cpp\result.cpp">
      <Filter>ソース ファイル\Scene\SceneBase</Filter>
    </ClCompile>
    <ClCompile Include="src\cpp\title.cpp">
      <Filter>ソース ファイル\Scene\SceneBase</Filter>
    </ClCompile>
    <ClCompile Include="src\cpp\ui.cpp">
      <Filter>ソース ファイル\Ui</Filter>
    </ClCompile>
    <ClCompile Include="src\cpp\pause.cpp">
      <Filter>ソース ファイル\Pause</Filter>
    </ClCompile>
    <ClCompile Include="src\cpp\pausemanager.cpp">
      <Filter>ソース ファイル\Pause</Filter>
    </ClCompile>
    <ClCompile Include="src\cpp\load.cpp">
      <Filter>ソース ファイル\Support</Filter>
    </ClCompile>
    <ClCompile Include="src\cpp\tutorialmanager.cpp">
      <Filter>ソース ファイル\Scene\SceneManager</Filter>
    </ClCompile>
    <ClCompile Include="src\cpp\gamemanager.cpp">
      <Filter>ソース ファイル\Scene\SceneManager</Filter>
    </ClCompile>
    <ClCompile Include="src\cpp\rankingmanager.cpp">
      <Filter>ソース ファイル\Scene\SceneManager</Filter>
    </ClCompile>
    <ClCompile Include="src\cpp\resultmanager.cpp">
      <Filter>ソース ファイル\Scene\SceneManager</Filter>
    </ClCompile>
    <ClCompile Include="src\cpp\titlemanager.cpp">
      <Filter>ソース ファイル\Scene\SceneManager</Filter>
    </ClCompile>
    <ClCompile Include="src\cpp\gamesceneobject.cpp">
      <Filter>ソース ファイル\Scene\SceneObject</Filter>
    </ClCompile>
    <ClCompile Include="src\cpp\rankingobject.cpp">
      <Filter>ソース ファイル\Scene\SceneObject</Filter>
    </ClCompile>
    <ClCompile Include="src\cpp\resultobject.cpp">
      <Filter>ソース ファイル\Scene\SceneObject</Filter>
    </ClCompile>
    <ClCompile Include="src\cpp\titleobject.cpp">
      <Filter>ソース ファイル\Scene\SceneObject</Filter>
    </ClCompile>
    <ClCompile Include="src\cpp\tutorialobject.cpp">
      <Filter>ソース ファイル\Scene\SceneObject</Filter>
    </ClCompile>
    <ClCompile Include="src\cpp\gamestate.cpp">
      <Filter>ソース ファイル\State\CreateClass</Filter>
    </ClCompile>
    <ClCompile Include="src\cpp\score.cpp">
      <Filter>ソース ファイル\Number\Score</Filter>
    </ClCompile>
    <ClCompile Include="src\cpp\shadow.cpp">
      <Filter>ソース ファイル\Shadow</Filter>
    </ClCompile>
    <ClCompile Include="src\cpp\shadowstencil.cpp">
      <Filter>ソース ファイル\Shadow</Filter>
    </ClCompile>
    <ClCompile Include="src\cpp\rankingscore.cpp">
      <Filter>ソース ファイル\Number\Score</Filter>
    </ClCompile>
    <ClCompile Include="src\cpp\resultscore.cpp">
      <Filter>ソース ファイル\Number\Score</Filter>
    </ClCompile>
    <ClCompile Include="src\cpp\resultscoremanager.cpp">
      <Filter>ソース ファイル\Number\Score</Filter>
    </ClCompile>
    <ClCompile Include="src\cpp\motionmanager.cpp">
      <Filter>ソース ファイル\Manager\other</Filter>
    </ClCompile>
    <ClCompile Include="src\cpp\instancemotionmanager.cpp">
      <Filter>ソース ファイル\Manager\other</Filter>
    </ClCompile>
    <ClCompile Include="src\cpp\blockmanager.cpp">
      <Filter>ソース ファイル\Manager\other</Filter>
    </ClCompile>
    <ClCompile Include="src\cpp\gamewallmodel.cpp">
      <Filter>ソース ファイル\XFile</Filter>
    </ClCompile>
    <ClCompile Include="src\cpp\worldwallmanager.cpp">
      <Filter>ソース ファイル\Manager\other</Filter>
    </ClCompile>
    <ClCompile Include="src\cpp\boxcollider.cpp">
      <Filter>ソース ファイル\Physics\Collider</Filter>
    </ClCompile>
    <ClCompile Include="src\cpp\spherecollider.cpp">
      <Filter>ソース ファイル\Physics\Collider</Filter>
    </ClCompile>
    <ClCompile Include="src\cpp\gauge.cpp">
      <Filter>ソース ファイル\Ui</Filter>
    </ClCompile>
    <ClCompile Include="src\cpp\statemachine.cpp">
      <Filter>ソース ファイル\State\BaseClass</Filter>
    </ClCompile>
    <ClCompile Include="src\cpp\deskwork.cpp">
      <Filter>ソース ファイル\AddFile\Takahashi\Deskwork</Filter>
    </ClCompile>
    <ClCompile Include="src\cpp\deskworkUImanager.cpp">
      <Filter>ソース ファイル\AddFile\Takahashi\Deskwork\Manager</Filter>
    </ClCompile>
    <ClCompile Include="src\cpp\deskworkUI.cpp">
      <Filter>ソース ファイル\AddFile\Takahashi\Deskwork\UI</Filter>
    </ClCompile>
    <ClCompile Include="src\cpp\COPYdeskwork.cpp">
      <Filter>ソース ファイル\AddFile\Takahashi\Deskwork\Task</Filter>
    </ClCompile>
    <ClCompile Include="src\cpp\PCdeskwork.cpp">
      <Filter>ソース ファイル\AddFile\Takahashi\Deskwork\Task</Filter>
    </ClCompile>
    <ClCompile Include="src\cpp\DOCUMENTdeskwork.cpp">
      <Filter>ソース ファイル\AddFile\Takahashi\Deskwork\Task</Filter>
    </ClCompile>
    <ClCompile Include="src\cpp\createjsonmove.cpp">
      <Filter>ソース ファイル\JsonUtil\CreateClass</Filter>
    </ClCompile>
    <ClCompile Include="src\cpp\afk.cpp">
      <Filter>ソース ファイル\AddFile\Chikada\afk</Filter>
    </ClCompile>
    <ClCompile Include="src\cpp\afk2dui.cpp">
      <Filter>ソース ファイル\AddFile\Chikada\afk</Filter>
    </ClCompile>
    <ClCompile Include="src\cpp\afkmagazine.cpp">
      <Filter>ソース ファイル\AddFile\Chikada\afk</Filter>
    </ClCompile>
    <ClCompile Include="src\cpp\afkmanager.cpp">
      <Filter>ソース ファイル\AddFile\Chikada\afk</Filter>
    </ClCompile>
    <ClCompile Include="src\cpp\afksmoke.cpp">
      <Filter>ソース ファイル\AddFile\Chikada\afk</Filter>
    </ClCompile>
    <ClCompile Include="src\cpp\afktv.cpp">
      <Filter>ソース ファイル\AddFile\Chikada\afk</Filter>
    </ClCompile>
    <ClCompile Include="src\cpp\afkui.cpp">
      <Filter>ソース ファイル\AddFile\Chikada\afk</Filter>
    </ClCompile>
    <ClCompile Include="src\cpp\afkuimanager.cpp">
      <Filter>ソース ファイル\AddFile\Chikada\afk</Filter>
    </ClCompile>
    <ClCompile Include="src\cpp\tutoriallines.cpp">
      <Filter>ソース ファイル\AddFile\Takahashi\TutorialLines</Filter>
    </ClCompile>
    <ClCompile Include="src\cpp\tutoriallinesBG.cpp">
      <Filter>ソース ファイル\AddFile\Takahashi\TutorialLines</Filter>
    </ClCompile>
    <ClCompile Include="src\cpp\lines.cpp">
      <Filter>ソース ファイル\AddFile\Takahashi\TutorialLines</Filter>
    </ClCompile>
    <ClCompile Include="src\cpp\automatic_door.cpp">
      <Filter>ソース ファイル\AddFile\Nishio\AutoDoor</Filter>
    </ClCompile>
    <ClCompile Include="src\cpp\sideopendoor.cpp">
      <Filter>ソース ファイル\AddFile\Nishio\SideOpenDoor</Filter>
    </ClCompile>
    <ClCompile Include="src\cpp\enemy.cpp">
      <Filter>ソース ファイル\AddFile\Nishio\Charactor\enemy</Filter>
    </ClCompile>
    <ClCompile Include="src\cpp\enemymanager.cpp">
      <Filter>ソース ファイル\AddFile\Nishio\Charactor\enemy</Filter>
    </ClCompile>
    <ClCompile Include="src\cpp\enemystatebase.cpp">
      <Filter>ソース ファイル\AddFile\Nishio\Charactor\enemy</Filter>
    </ClCompile>
    <ClCompile Include="src\cpp\enemystateneutral.cpp">
      <Filter>ソース ファイル\AddFile\Nishio\Charactor\enemy</Filter>
    </ClCompile>
    <ClCompile Include="src\cpp\automaticdoormanager.cpp">
      <Filter>ソース ファイル\AddFile\Nishio\AutoDoor</Filter>
    </ClCompile>
    <ClCompile Include="src\cpp\autodoor_collision.cpp">
      <Filter>ソース ファイル\AddFile\Nishio\AutoDoor</Filter>
    </ClCompile>
    <ClCompile Include="src\cpp\police.cpp">
      <Filter>ソース ファイル\AddFile\Nishio\Charactor\freind</Filter>
    </ClCompile>
    <ClCompile Include="src\cpp\smokefriend.cpp">
      <Filter>ソース ファイル\AddFile\Nishio\Charactor\freind</Filter>
    </ClCompile>
    <ClCompile Include="src\cpp\walkingfriend.cpp">
      <Filter>ソース ファイル\AddFile\Nishio\Charactor\freind</Filter>
    </ClCompile>
    <ClCompile Include="src\cpp\titleui.cpp">
      <Filter>ソース ファイル\AddFile\Nishio\Ui</Filter>
    </ClCompile>
    <ClCompile Include="src\cpp\titleuimanager.cpp">
      <Filter>ソース ファイル\AddFile\Nishio\Ui</Filter>
    </ClCompile>
    <ClCompile Include="src\cpp\slideopendoormanager.cpp">
      <Filter>ソース ファイル\AddFile\Nishio\SideOpenDoor</Filter>
    </ClCompile>
    <ClCompile Include="src\cpp\sideopendoorcollision.cpp">
      <Filter>ソース ファイル\AddFile\Nishio\SideOpenDoor</Filter>
    </ClCompile>
    <ClCompile Include="src\cpp\vigilancegauge.cpp">
      <Filter>ソース ファイル\AddFile\Takahashi\Vigilancegauge</Filter>
    </ClCompile>
    <ClCompile Include="src\cpp\object2Dmulti.cpp">
      <Filter>ソース ファイル\ObjectClass\2D</Filter>
    </ClCompile>
    <ClCompile Include="src\cpp\vigilanceUImanager.cpp">
      <Filter>ソース ファイル\AddFile\Takahashi\Vigilancegauge</Filter>
    </ClCompile>
    <ClCompile Include="src\cpp\vigilanceicon.cpp">
      <Filter>ソース ファイル\AddFile\Takahashi\Vigilancegauge</Filter>
    </ClCompile>
    <ClCompile Include="src\cpp\createjsonenemy.cpp">
      <Filter>ソース ファイル\JsonUtil\CreateClass</Filter>
    </ClCompile>
    <ClCompile Include="src\cpp\enemystatechase.cpp">
      <Filter>ソース ファイル\AddFile\Nishio\Charactor\enemy</Filter>
    </ClCompile>
    <ClCompile Include="src\cpp\enemystateserch.cpp">
      <Filter>ソース ファイル\AddFile\Nishio\Charactor\enemy</Filter>
    </ClCompile>
    <ClCompile Include="src\cpp\meetingfriend.cpp">
      <Filter>ソース ファイル\AddFile\Nishio\Charactor\freind</Filter>
    </ClCompile>
    <ClCompile Include="src\cpp\mobcharactormanager.cpp">
      <Filter>ソース ファイル\AddFile\Nishio\Charactor\Mob</Filter>
    </ClCompile>
    <ClCompile Include="src\cpp\boss.cpp">
      <Filter>ソース ファイル\AddFile\Nishio\Boss</Filter>
    </ClCompile>
    <ClCompile Include="src\cpp\friend.cpp">
      <Filter>ソース ファイル\AddFile\Nishio\Charactor\freind</Filter>
    </ClCompile>
    <ClCompile Include="src\cpp\player.cpp">
      <Filter>ソース ファイル\AddFile\Chikada\player\Main</Filter>
    </ClCompile>
    <ClCompile Include="src\cpp\playerstatebase.cpp">
      <Filter>ソース ファイル\AddFile\Chikada\player\State</Filter>
    </ClCompile>
    <ClCompile Include="src\cpp\playerstatemagazine.cpp">
      <Filter>ソース ファイル\AddFile\Chikada\player\State</Filter>
    </ClCompile>
    <ClCompile Include="src\cpp\playerstatemove.cpp">
      <Filter>ソース ファイル\AddFile\Chikada\player\State</Filter>
    </ClCompile>
    <ClCompile Include="src\cpp\playerstateneutral.cpp">
      <Filter>ソース ファイル\AddFile\Chikada\player\State</Filter>
    </ClCompile>
    <ClCompile Include="src\cpp\playerstatesmoke.cpp">
      <Filter>ソース ファイル\AddFile\Chikada\player\State</Filter>
    </ClCompile>
    <ClCompile Include="src\cpp\playerstatetv.cpp">
      <Filter>ソース ファイル\AddFile\Chikada\player\State</Filter>
    </ClCompile>
    <ClCompile Include="src\cpp\copyui.cpp">
      <Filter>ソース ファイル\AddFile\Chikada\ui</Filter>
    </ClCompile>
    <ClCompile Include="src\cpp\event.cpp">
      <Filter>ソース ファイル\AddFile\Takahashi\Event</Filter>
    </ClCompile>
    <ClCompile Include="src\cpp\eventcutin.cpp">
      <Filter>ソース ファイル\AddFile\Takahashi\Event</Filter>
    </ClCompile>
    <ClCompile Include="src\cpp\eventUI.cpp">
      <Filter>ソース ファイル\AddFile\Takahashi\Event</Filter>
    </ClCompile>
    <ClCompile Include="src\cpp\worldUIcollision.cpp">
      <Filter>ソース ファイル\AddFile\Takahashi\Collider</Filter>
    </ClCompile>
    <ClCompile Include="src\cpp\alert.cpp">
      <Filter>ソース ファイル\AddFile\Takahashi\Other%27s</Filter>
    </ClCompile>
    <ClCompile Include="src\cpp\gametime.cpp">
      <Filter>ソース ファイル\AddFile\Takahashi\Other%27s</Filter>
    </ClCompile>
    <ClCompile Include="src\cpp\pcui.cpp">
      <Filter>ソース ファイル\AddFile\Chikada\ui</Filter>
    </ClCompile>
    <ClCompile Include="src\cpp\tutorialui.cpp">
      <Filter>ソース ファイル\AddFile\Chikada\ui</Filter>
    </ClCompile>
    <ClCompile Include="src\cpp\afkgamecenter.cpp">
      <Filter>ソース ファイル\AddFile\Chikada\afk</Filter>
    </ClCompile>
    <ClCompile Include="src\cpp\afktvpolygon.cpp">
      <Filter>ソース ファイル\AddFile\Chikada\afk</Filter>
    </ClCompile>
    <ClCompile Include="src\cpp\tutorialuimanager.cpp">
      <Filter>ソース ファイル\AddFile\Chikada\ui</Filter>
    </ClCompile>
    <ClCompile Include="src\cpp\smokeui.cpp">
      <Filter>ソース ファイル\AddFile\Chikada\ui</Filter>
    </ClCompile>
    <ClCompile Include="src\cpp\doorui.cpp">
      <Filter>ソース ファイル\AddFile\Chikada\ui</Filter>
    </ClCompile>
    <ClCompile Include="src\cpp\playerstategamecenter.cpp">
      <Filter>ソース ファイル\AddFile\Chikada\player\State</Filter>
    </ClCompile>
    <ClCompile Include="src\cpp\effect.cpp">
      <Filter>ソース ファイル\AddFile\Chikada\effect</Filter>
    </ClCompile>
    <ClCompile Include="src\cpp\particle.cpp">
      <Filter>ソース ファイル\AddFile\Chikada\effect</Filter>
    </ClCompile>
    <ClCompile Include="src\cpp\object2Drotation.cpp">
      <Filter>ソース ファイル\AddFile\Takahashi</Filter>
    </ClCompile>
    <ClCompile Include="src\cpp\progressgauge.cpp">
      <Filter>ソース ファイル\AddFile\Takahashi\Progressgauge</Filter>
    </ClCompile>
    <ClCompile Include="src\cpp\gaugeneedle.cpp">
      <Filter>ソース ファイル\AddFile\Takahashi\Progressgauge</Filter>
    </ClCompile>
    <ClCompile Include="src\cpp\vigilancelevel.cpp">
      <Filter>ソース ファイル\AddFile\Takahashi\Vigilancegauge</Filter>
    </ClCompile>
    <ClCompile Include="src\cpp\receptionist.cpp">
      <Filter>ソース ファイル\AddFile\Nishio\Charactor\Reception</Filter>
    </ClCompile>
    <ClCompile Include="src\cpp\auditor.cpp">
      <Filter>ソース ファイル\AddFile\Nishio\Charactor\auditor</Filter>
    </ClCompile>
    <ClCompile Include="src\cpp\rankinggraph.cpp">
      <Filter>ソース ファイル\AddFile\Nishio\Ui</Filter>
    </ClCompile>
    <ClCompile Include="src\cpp\rankinggraphmanager.cpp">
      <Filter>ソース ファイル\AddFile\Nishio\Ui</Filter>
    </ClCompile>
    <ClCompile Include="src\cpp\afkeating.cpp">
      <Filter>ソース ファイル\AddFile\Chikada\afk</Filter>
    </ClCompile>
    <ClCompile Include="src\cpp\resulticon.cpp">
      <Filter>ソース ファイル\AddFile\Nishio\Ui</Filter>
    </ClCompile>
    <ClCompile Include="src\cpp\auditormanager.cpp">
      <Filter>ソース ファイル\AddFile\Nishio\Charactor\auditor</Filter>
    </ClCompile>
    <ClCompile Include="src\cpp\createjsonauditor.cpp">
      <Filter>ソース ファイル\JsonUtil\CreateClass</Filter>
    </ClCompile>
    <ClCompile Include="src\cpp\playerstatebench.cpp">
      <Filter>ソース ファイル\AddFile\Chikada\player\State</Filter>
    </ClCompile>
    <ClCompile Include="src\cpp\playerstateeating.cpp">
      <Filter>ソース ファイル\AddFile\Chikada\player\State</Filter>
    </ClCompile>
    <ClCompile Include="src\cpp\afkbench.cpp">
      <Filter>ソース ファイル\AddFile\Chikada\afk</Filter>
    </ClCompile>
    <ClCompile Include="src\cpp\tutorialplayer.cpp">
      <Filter>ソース ファイル\AddFile\Takahashi</Filter>
    </ClCompile>
    <ClCompile Include="src\include\enemystatedoubt.cpp">
      <Filter>ソース ファイル\AddFile\Nishio\Charactor\enemy</Filter>
    </ClCompile>
    <ClCompile Include="src\cpp\enemydoubtgauge.cpp">
      <Filter>ソース ファイル\AddFile\Nishio\Ui</Filter>
    </ClCompile>
    <ClCompile Include="src\cpp\billboardmulti.cpp">
      <Filter>ソース ファイル\ObjectClass\3D</Filter>
    </ClCompile>
    <ClCompile Include="src\cpp\pointobject.cpp">
      <Filter>ソース ファイル</Filter>
    </ClCompile>
    <ClCompile Include="src\cpp\number3d.cpp">
      <Filter>ソース ファイル</Filter>
    </ClCompile>
    <ClCompile Include="src\cpp\scorepop.cpp">
      <Filter>ソース ファイル</Filter>
    </ClCompile>
  </ItemGroup>
  <ItemGroup>
    <ClInclude Include="src\include\pch.h">
      <Filter>ヘッダー ファイル\MainLoop</Filter>
    </ClInclude>
    <ClInclude Include="src\include\main.h">
      <Filter>ヘッダー ファイル\MainLoop</Filter>
    </ClInclude>
    <ClInclude Include="src\include\billboard.h">
      <Filter>ヘッダー ファイル\ObjectClass\3D</Filter>
    </ClInclude>
    <ClInclude Include="src\include\collider.h">
      <Filter>ヘッダー ファイル\Physics\Collider</Filter>
    </ClInclude>
    <ClInclude Include="src\include\collision.h">
      <Filter>ヘッダー ファイル\Physics\Collision</Filter>
    </ClInclude>
    <ClInclude Include="src\include\collisionbox.h">
      <Filter>ヘッダー ファイル\Physics\Collision</Filter>
    </ClInclude>
    <ClInclude Include="src\include\collisionsphere.h">
      <Filter>ヘッダー ファイル\Physics\Collision</Filter>
    </ClInclude>
    <ClInclude Include="src\include\manager.h">
      <Filter>ヘッダー ファイル\MainLoop</Filter>
    </ClInclude>
    <ClInclude Include="src\include\renderer.h">
      <Filter>ヘッダー ファイル\MainLoop</Filter>
    </ClInclude>
    <ClInclude Include="src\include\objectX.h">
      <Filter>ヘッダー ファイル\ObjectClass\XFile</Filter>
    </ClInclude>
    <ClInclude Include="src\include\object3D.h">
      <Filter>ヘッダー ファイル\ObjectClass\3D</Filter>
    </ClInclude>
    <ClInclude Include="src\include\movecharactor.h">
      <Filter>ヘッダー ファイル\ObjectClass\Charactor</Filter>
    </ClInclude>
    <ClInclude Include="src\include\nomovecharactor.h">
      <Filter>ヘッダー ファイル\ObjectClass\Charactor</Filter>
    </ClInclude>
    <ClInclude Include="src\include\object.h">
      <Filter>ヘッダー ファイル\ObjectClass\Base</Filter>
    </ClInclude>
    <ClInclude Include="src\include\object2D.h">
      <Filter>ヘッダー ファイル\ObjectClass\2D</Filter>
    </ClInclude>
    <ClInclude Include="src\include\easing.h">
      <Filter>ヘッダー ファイル\Support</Filter>
    </ClInclude>
    <ClInclude Include="src\include\debugproc.h">
      <Filter>ヘッダー ファイル\Support</Filter>
    </ClInclude>
    <ClInclude Include="src\include\block.h">
      <Filter>ヘッダー ファイル\XFile</Filter>
    </ClInclude>
    <ClInclude Include="src\include\animationobject2d.h">
      <Filter>ヘッダー ファイル\ObjectClass\2D</Filter>
    </ClInclude>
    <ClInclude Include="src\include\jsonconverter.h">
      <Filter>ヘッダー ファイル\JsonUtil\BaseClass</Filter>
    </ClInclude>
    <ClInclude Include="src\include\jsoncreator.h">
      <Filter>ヘッダー ファイル\JsonUtil\BaseClass</Filter>
    </ClInclude>
    <ClInclude Include="src\include\jsonmanager.h">
      <Filter>ヘッダー ファイル\JsonUtil\BaseClass</Filter>
    </ClInclude>
    <ClInclude Include="src\include\createjsonblock.h">
      <Filter>ヘッダー ファイル\JsonUtil\CreateClass</Filter>
    </ClInclude>
    <ClInclude Include="src\include\createjsonblocknormal.h">
      <Filter>ヘッダー ファイル\JsonUtil\CreateClass</Filter>
    </ClInclude>
    <ClInclude Include="src\include\createjsoncharactor.h">
      <Filter>ヘッダー ファイル\JsonUtil\CreateClass</Filter>
    </ClInclude>
    <ClInclude Include="src\include\createjsonmeshdome.h">
      <Filter>ヘッダー ファイル\JsonUtil\CreateClass</Filter>
    </ClInclude>
    <ClInclude Include="src\include\createjsonmeshfield.h">
      <Filter>ヘッダー ファイル\JsonUtil\CreateClass</Filter>
    </ClInclude>
    <ClInclude Include="src\include\createjsonnomove.h">
      <Filter>ヘッダー ファイル\JsonUtil\CreateClass</Filter>
    </ClInclude>
    <ClInclude Include="src\include\createjsonui.h">
      <Filter>ヘッダー ファイル\JsonUtil\CreateClass</Filter>
    </ClInclude>
    <ClInclude Include="src\include\createjsonwall.h">
      <Filter>ヘッダー ファイル\JsonUtil\CreateClass</Filter>
    </ClInclude>
    <ClInclude Include="src\include\texture.h">
      <Filter>ヘッダー ファイル\OutSide</Filter>
    </ClInclude>
    <ClInclude Include="src\include\sound.h">
      <Filter>ヘッダー ファイル\OutSide</Filter>
    </ClInclude>
    <ClInclude Include="src\include\template.h">
      <Filter>ヘッダー ファイル\OutSide</Filter>
    </ClInclude>
    <ClInclude Include="src\include\camera.h">
      <Filter>ヘッダー ファイル\OutSide</Filter>
    </ClInclude>
    <ClInclude Include="src\include\input.h">
      <Filter>ヘッダー ファイル\OutSide</Filter>
    </ClInclude>
    <ClInclude Include="src\include\light.h">
      <Filter>ヘッダー ファイル\OutSide</Filter>
    </ClInclude>
    <ClInclude Include="src\include\fade.h">
      <Filter>ヘッダー ファイル\Scene\BaseClass</Filter>
    </ClInclude>
    <ClInclude Include="src\include\scene.h">
      <Filter>ヘッダー ファイル\Scene\BaseClass</Filter>
    </ClInclude>
    <ClInclude Include="src\include\outline.h">
      <Filter>ヘッダー ファイル\Shader</Filter>
    </ClInclude>
    <ClInclude Include="src\include\model.h">
      <Filter>ヘッダー ファイル\XFile</Filter>
    </ClInclude>
    <ClInclude Include="src\include\modelmanager.h">
      <Filter>ヘッダー ファイル\Manager\other</Filter>
    </ClInclude>
    <ClInclude Include="src\include\xfilemanager.h">
      <Filter>ヘッダー ファイル\Manager\other</Filter>
    </ClInclude>
    <ClInclude Include="src\include\boxtospherecollision.h">
      <Filter>ヘッダー ファイル\Physics\Collision</Filter>
    </ClInclude>
    <ClInclude Include="src\include\motion.h">
      <Filter>ヘッダー ファイル\Motion</Filter>
    </ClInclude>
    <ClInclude Include="src\include\instancemodelmanager.h">
      <Filter>ヘッダー ファイル\Manager\other</Filter>
    </ClInclude>
    <ClInclude Include="src\include\instancemotionmanager.h">
      <Filter>ヘッダー ファイル\Manager\other</Filter>
    </ClInclude>
    <ClInclude Include="src\include\motionmanager.h">
      <Filter>ヘッダー ファイル\Manager\other</Filter>
    </ClInclude>
    <ClInclude Include="src\include\motioninstancing.h">
      <Filter>ヘッダー ファイル\Motion</Filter>
    </ClInclude>
    <ClInclude Include="src\include\instancemodel.h">
      <Filter>ヘッダー ファイル\XFile</Filter>
    </ClInclude>
    <ClInclude Include="src\include\number.h">
      <Filter>ヘッダー ファイル\Number\BaseClass</Filter>
    </ClInclude>
    <ClInclude Include="src\include\instancing.h">
      <Filter>ヘッダー ファイル\Shader</Filter>
    </ClInclude>
    <ClInclude Include="src\include\instancingcharactor.h">
      <Filter>ヘッダー ファイル\ObjectClass\Charactor</Filter>
    </ClInclude>
    <ClInclude Include="src\include\meshcylinder.h">
      <Filter>ヘッダー ファイル\Mesh</Filter>
    </ClInclude>
    <ClInclude Include="src\include\meshdome.h">
      <Filter>ヘッダー ファイル\Mesh</Filter>
    </ClInclude>
    <ClInclude Include="src\include\meshfield.h">
      <Filter>ヘッダー ファイル\Mesh</Filter>
    </ClInclude>
    <ClInclude Include="src\include\meshimpact.h">
      <Filter>ヘッダー ファイル\Mesh</Filter>
    </ClInclude>
    <ClInclude Include="src\include\meshpiler.h">
      <Filter>ヘッダー ファイル\Mesh</Filter>
    </ClInclude>
    <ClInclude Include="src\include\ui.h">
      <Filter>ヘッダー ファイル\Ui</Filter>
    </ClInclude>
    <ClInclude Include="src\include\game.h">
      <Filter>ヘッダー ファイル\Scene\BaseClass</Filter>
    </ClInclude>
    <ClInclude Include="src\include\ranking.h">
      <Filter>ヘッダー ファイル\Scene\BaseClass</Filter>
    </ClInclude>
    <ClInclude Include="src\include\result.h">
      <Filter>ヘッダー ファイル\Scene\BaseClass</Filter>
    </ClInclude>
    <ClInclude Include="src\include\title.h">
      <Filter>ヘッダー ファイル\Scene\BaseClass</Filter>
    </ClInclude>
    <ClInclude Include="src\include\tutorial.h">
      <Filter>ヘッダー ファイル\Scene\BaseClass</Filter>
    </ClInclude>
    <ClInclude Include="src\include\pause.h">
      <Filter>ヘッダー ファイル\Pause</Filter>
    </ClInclude>
    <ClInclude Include="src\include\pausemanager.h">
      <Filter>ヘッダー ファイル\Pause</Filter>
    </ClInclude>
    <ClInclude Include="src\include\load.h">
      <Filter>ヘッダー ファイル\Support</Filter>
    </ClInclude>
    <ClInclude Include="src\include\tutorialmanager.h">
      <Filter>ヘッダー ファイル\Scene\SceneManager</Filter>
    </ClInclude>
    <ClInclude Include="src\include\gamemanager.h">
      <Filter>ヘッダー ファイル\Scene\SceneManager</Filter>
    </ClInclude>
    <ClInclude Include="src\include\rankingmanager.h">
      <Filter>ヘッダー ファイル\Scene\SceneManager</Filter>
    </ClInclude>
    <ClInclude Include="src\include\resultmanager.h">
      <Filter>ヘッダー ファイル\Scene\SceneManager</Filter>
    </ClInclude>
    <ClInclude Include="src\include\titlemanager.h">
      <Filter>ヘッダー ファイル\Scene\SceneManager</Filter>
    </ClInclude>
    <ClInclude Include="src\include\tutorialobject.h">
      <Filter>ヘッダー ファイル\Scene\SceneObject</Filter>
    </ClInclude>
    <ClInclude Include="src\include\gamesceneobject.h">
      <Filter>ヘッダー ファイル\Scene\SceneObject</Filter>
    </ClInclude>
    <ClInclude Include="src\include\rankingobject.h">
      <Filter>ヘッダー ファイル\Scene\SceneObject</Filter>
    </ClInclude>
    <ClInclude Include="src\include\resultobject.h">
      <Filter>ヘッダー ファイル\Scene\SceneObject</Filter>
    </ClInclude>
    <ClInclude Include="src\include\titleobject.h">
      <Filter>ヘッダー ファイル\Scene\SceneObject</Filter>
    </ClInclude>
    <ClInclude Include="src\include\gamestate.h">
      <Filter>ヘッダー ファイル\State\CreateClass</Filter>
    </ClInclude>
    <ClInclude Include="src\include\score.h">
      <Filter>ヘッダー ファイル\Number\Score</Filter>
    </ClInclude>
    <ClInclude Include="src\include\shadow.h">
      <Filter>ヘッダー ファイル\Shadow</Filter>
    </ClInclude>
    <ClInclude Include="src\include\shadowstencil.h">
      <Filter>ヘッダー ファイル\Shadow</Filter>
    </ClInclude>
    <ClInclude Include="src\include\rankingscore.h">
      <Filter>ヘッダー ファイル\Number\Score</Filter>
    </ClInclude>
    <ClInclude Include="src\include\resultscoremanager.h">
      <Filter>ヘッダー ファイル\Number\Score</Filter>
    </ClInclude>
    <ClInclude Include="src\include\resultscore.h">
      <Filter>ヘッダー ファイル\Number\Score</Filter>
    </ClInclude>
    <ClInclude Include="src\include\blockmanager.h">
      <Filter>ヘッダー ファイル\Manager\other</Filter>
    </ClInclude>
    <ClInclude Include="src\include\gamewallmodel.h">
      <Filter>ヘッダー ファイル\XFile</Filter>
    </ClInclude>
    <ClInclude Include="src\include\worldwallmanager.h">
      <Filter>ヘッダー ファイル\Manager\other</Filter>
    </ClInclude>
    <ClInclude Include="src\include\boxcollider.h">
      <Filter>ヘッダー ファイル\Physics\Collider</Filter>
    </ClInclude>
    <ClInclude Include="src\include\spherecollider.h">
      <Filter>ヘッダー ファイル\Physics\Collider</Filter>
    </ClInclude>
    <ClInclude Include="src\include\gauge.h">
      <Filter>ヘッダー ファイル\Ui</Filter>
    </ClInclude>
    <ClInclude Include="src\include\statebase.h">
      <Filter>ヘッダー ファイル\State\BaseState</Filter>
    </ClInclude>
    <ClInclude Include="src\include\statemachine.h">
      <Filter>ヘッダー ファイル\State\BaseState</Filter>
    </ClInclude>
    <ClInclude Include="src\include\deskwork.h">
      <Filter>ヘッダー ファイル\AddFile\Takahashi\Deskwork</Filter>
    </ClInclude>
    <ClInclude Include="src\include\deskworkUImanager.h">
      <Filter>ヘッダー ファイル\AddFile\Takahashi\Deskwork\Manager</Filter>
    </ClInclude>
    <ClInclude Include="src\include\deskworkUI.h">
      <Filter>ヘッダー ファイル\AddFile\Takahashi\Deskwork\UI</Filter>
    </ClInclude>
    <ClInclude Include="src\include\COPYdeskwork.h">
      <Filter>ヘッダー ファイル\AddFile\Takahashi\Deskwork\Task</Filter>
    </ClInclude>
    <ClInclude Include="src\include\PCdeskwork.h">
      <Filter>ヘッダー ファイル\AddFile\Takahashi\Deskwork\Task</Filter>
    </ClInclude>
    <ClInclude Include="src\include\DOCUMENTdeskwork.h">
      <Filter>ヘッダー ファイル\AddFile\Takahashi\Deskwork\Task</Filter>
    </ClInclude>
    <ClInclude Include="src\include\createjsonmove.h">
      <Filter>ヘッダー ファイル\JsonUtil\CreateClass</Filter>
    </ClInclude>
    <ClInclude Include="src\include\afk.h">
      <Filter>ヘッダー ファイル\AddFile\Chikada\afk</Filter>
    </ClInclude>
    <ClInclude Include="src\include\afk2dui.h">
      <Filter>ヘッダー ファイル\AddFile\Chikada\afk</Filter>
    </ClInclude>
    <ClInclude Include="src\include\afkmagazine.h">
      <Filter>ヘッダー ファイル\AddFile\Chikada\afk</Filter>
    </ClInclude>
    <ClInclude Include="src\include\afkmanager.h">
      <Filter>ヘッダー ファイル\AddFile\Chikada\afk</Filter>
    </ClInclude>
    <ClInclude Include="src\include\afksmoke.h">
      <Filter>ヘッダー ファイル\AddFile\Chikada\afk</Filter>
    </ClInclude>
    <ClInclude Include="src\include\afktv.h">
      <Filter>ヘッダー ファイル\AddFile\Chikada\afk</Filter>
    </ClInclude>
    <ClInclude Include="src\include\afkui.h">
      <Filter>ヘッダー ファイル\AddFile\Chikada\afk</Filter>
    </ClInclude>
    <ClInclude Include="src\include\afkuimanager.h">
      <Filter>ヘッダー ファイル\AddFile\Chikada\afk</Filter>
    </ClInclude>
    <ClInclude Include="src\include\tutoriallines.h">
      <Filter>ヘッダー ファイル\AddFile\Takahashi\TutorialLines</Filter>
    </ClInclude>
    <ClInclude Include="src\include\tutoriallinesBG.h">
      <Filter>ヘッダー ファイル\AddFile\Takahashi\TutorialLines</Filter>
    </ClInclude>
    <ClInclude Include="src\include\lines.h">
      <Filter>ヘッダー ファイル\AddFile\Takahashi\TutorialLines</Filter>
    </ClInclude>
    <ClInclude Include="src\include\vigilancegauge.h">
      <Filter>ヘッダー ファイル\AddFile\Takahashi\Vigilancegauge</Filter>
    </ClInclude>
    <ClInclude Include="src\include\object2Dmulti.h">
      <Filter>ヘッダー ファイル\ObjectClass\2D</Filter>
    </ClInclude>
    <ClInclude Include="src\include\vigilanceUImanager.h">
      <Filter>ヘッダー ファイル\AddFile\Takahashi\Vigilancegauge</Filter>
    </ClInclude>
    <ClInclude Include="src\include\vigilanceicon.h">
      <Filter>ヘッダー ファイル\AddFile\Takahashi\Vigilancegauge</Filter>
    </ClInclude>
    <ClInclude Include="src\include\createjsonenemy.h">
      <Filter>ヘッダー ファイル\JsonUtil\CreateClass</Filter>
    </ClInclude>
    <ClInclude Include="src\include\mobcharactormanager.h">
      <Filter>ヘッダー ファイル\AddFile\Nishio\Charactor\mob</Filter>
    </ClInclude>
    <ClInclude Include="src\include\autodoor_collision.h">
      <Filter>ヘッダー ファイル\AddFile\Nishio\autodoor</Filter>
    </ClInclude>
    <ClInclude Include="src\include\automatic_door.h">
      <Filter>ヘッダー ファイル\AddFile\Nishio\autodoor</Filter>
    </ClInclude>
    <ClInclude Include="src\include\automaticdoormanager.h">
      <Filter>ヘッダー ファイル\AddFile\Nishio\autodoor</Filter>
    </ClInclude>
    <ClInclude Include="src\include\boss.h">
      <Filter>ヘッダー ファイル\AddFile\Nishio\Boss</Filter>
    </ClInclude>
    <ClInclude Include="src\include\enemy.h">
      <Filter>ヘッダー ファイル\AddFile\Nishio\Charactor\Enemy</Filter>
    </ClInclude>
    <ClInclude Include="src\include\enemymanager.h">
      <Filter>ヘッダー ファイル\AddFile\Nishio\Charactor\Enemy</Filter>
    </ClInclude>
    <ClInclude Include="src\include\enemystatebase.h">
      <Filter>ヘッダー ファイル\AddFile\Nishio\Charactor\Enemy</Filter>
    </ClInclude>
    <ClInclude Include="src\include\enemystatechase.h">
      <Filter>ヘッダー ファイル\AddFile\Nishio\Charactor\Enemy</Filter>
    </ClInclude>
    <ClInclude Include="src\include\enemystateneutral.h">
      <Filter>ヘッダー ファイル\AddFile\Nishio\Charactor\Enemy</Filter>
    </ClInclude>
    <ClInclude Include="src\include\enemystateserch.h">
      <Filter>ヘッダー ファイル\AddFile\Nishio\Charactor\Enemy</Filter>
    </ClInclude>
    <ClInclude Include="src\include\meetingfriend.h">
      <Filter>ヘッダー ファイル\AddFile\Nishio\Charactor\Friend</Filter>
    </ClInclude>
    <ClInclude Include="src\include\police.h">
      <Filter>ヘッダー ファイル\AddFile\Nishio\Charactor\Friend</Filter>
    </ClInclude>
    <ClInclude Include="src\include\sideopendoor.h">
      <Filter>ヘッダー ファイル\AddFile\Nishio\sidedoor</Filter>
    </ClInclude>
    <ClInclude Include="src\include\sideopendoorcollision.h">
      <Filter>ヘッダー ファイル\AddFile\Nishio\sidedoor</Filter>
    </ClInclude>
    <ClInclude Include="src\include\slideopendoormanager.h">
      <Filter>ヘッダー ファイル\AddFile\Nishio\sidedoor</Filter>
    </ClInclude>
    <ClInclude Include="src\include\smokefriend.h">
      <Filter>ヘッダー ファイル\AddFile\Nishio\Charactor\Friend</Filter>
    </ClInclude>
    <ClInclude Include="src\include\walkingfriend.h">
      <Filter>ヘッダー ファイル\AddFile\Nishio\Charactor\Friend</Filter>
    </ClInclude>
    <ClInclude Include="src\include\titleui.h">
      <Filter>ヘッダー ファイル\AddFile\Nishio\ui</Filter>
    </ClInclude>
    <ClInclude Include="src\include\titleuimanager.h">
      <Filter>ヘッダー ファイル\AddFile\Nishio\ui</Filter>
    </ClInclude>
    <ClInclude Include="src\include\friend.h">
      <Filter>ヘッダー ファイル\AddFile\Nishio\Charactor\Friend</Filter>
    </ClInclude>
    <ClInclude Include="src\include\player.h">
      <Filter>ヘッダー ファイル\AddFile\Chikada\player\Main</Filter>
    </ClInclude>
    <ClInclude Include="src\include\playerstatebase.h">
      <Filter>ヘッダー ファイル\AddFile\Chikada\player\State</Filter>
    </ClInclude>
    <ClInclude Include="src\include\playerstatemagazine.h">
      <Filter>ヘッダー ファイル\AddFile\Chikada\player\State</Filter>
    </ClInclude>
    <ClInclude Include="src\include\playerstatemove.h">
      <Filter>ヘッダー ファイル\AddFile\Chikada\player\State</Filter>
    </ClInclude>
    <ClInclude Include="src\include\playerstateneutral.h">
      <Filter>ヘッダー ファイル\AddFile\Chikada\player\State</Filter>
    </ClInclude>
    <ClInclude Include="src\include\playerstatetv.h">
      <Filter>ヘッダー ファイル\AddFile\Chikada\player\State</Filter>
    </ClInclude>
    <ClInclude Include="src\include\tutorialui.h">
      <Filter>ヘッダー ファイル\AddFile\Chikada\ui</Filter>
    </ClInclude>
    <ClInclude Include="src\include\worldUIcollision.h">
      <Filter>ヘッダー ファイル\AddFile\Takahashi\Collider</Filter>
    </ClInclude>
    <ClInclude Include="src\include\event.h">
      <Filter>ヘッダー ファイル\AddFile\Takahashi\Event</Filter>
    </ClInclude>
    <ClInclude Include="src\include\eventcutin.h">
      <Filter>ヘッダー ファイル\AddFile\Takahashi\Event</Filter>
    </ClInclude>
    <ClInclude Include="src\include\eventUI.h">
      <Filter>ヘッダー ファイル\AddFile\Takahashi\Event</Filter>
    </ClInclude>
    <ClInclude Include="src\include\alert.h">
      <Filter>ヘッダー ファイル\AddFile\Takahashi\Other%27s</Filter>
    </ClInclude>
    <ClInclude Include="src\include\gametime.h">
      <Filter>ヘッダー ファイル\AddFile\Takahashi\Other%27s</Filter>
    </ClInclude>
    <ClInclude Include="src\include\afkgamecenter.h">
      <Filter>ヘッダー ファイル\AddFile\Chikada\afk</Filter>
    </ClInclude>
    <ClInclude Include="src\include\afktvpolygon.h">
      <Filter>ヘッダー ファイル\AddFile\Chikada\afk</Filter>
    </ClInclude>
    <ClInclude Include="src\include\copyui.h">
      <Filter>ヘッダー ファイル\AddFile\Chikada\ui</Filter>
    </ClInclude>
    <ClInclude Include="src\include\doorui.h">
      <Filter>ヘッダー ファイル\AddFile\Chikada\ui</Filter>
    </ClInclude>
    <ClInclude Include="src\include\pcui.h">
      <Filter>ヘッダー ファイル\AddFile\Chikada\ui</Filter>
    </ClInclude>
    <ClInclude Include="src\include\playerstategamecenter.h">
      <Filter>ヘッダー ファイル\AddFile\Chikada\player\State</Filter>
    </ClInclude>
    <ClInclude Include="src\include\playerstatesmoke.h">
      <Filter>ヘッダー ファイル\AddFile\Chikada\player\State</Filter>
    </ClInclude>
    <ClInclude Include="src\include\smokeui.h">
      <Filter>ヘッダー ファイル\AddFile\Chikada\ui</Filter>
    </ClInclude>
    <ClInclude Include="src\include\tutorialuimanager.h">
      <Filter>ヘッダー ファイル\AddFile\Chikada\ui</Filter>
    </ClInclude>
    <ClInclude Include="src\include\effect.h">
      <Filter>ヘッダー ファイル\AddFile\Chikada\effect</Filter>
    </ClInclude>
    <ClInclude Include="src\include\particle.h">
      <Filter>ヘッダー ファイル\AddFile\Chikada\effect</Filter>
    </ClInclude>
    <ClInclude Include="src\include\object2Drotation.h">
      <Filter>ヘッダー ファイル\AddFile\Takahashi</Filter>
    </ClInclude>
    <ClInclude Include="src\include\progressgauge.h">
      <Filter>ヘッダー ファイル\AddFile\Takahashi\Progressgauge</Filter>
    </ClInclude>
    <ClInclude Include="src\include\gaugeneedle.h">
      <Filter>ヘッダー ファイル\AddFile\Takahashi\Progressgauge</Filter>
    </ClInclude>
    <ClInclude Include="src\include\tutorialplayer.h">
      <Filter>ヘッダー ファイル</Filter>
    </ClInclude>
    <ClInclude Include="src\include\vigilancelevel.h">
      <Filter>ヘッダー ファイル\AddFile\Takahashi\Vigilancegauge</Filter>
    </ClInclude>
    <ClInclude Include="src\include\afkeating.h">
      <Filter>ヘッダー ファイル</Filter>
    </ClInclude>
    <ClInclude Include="src\include\playerstateeating.h">
      <Filter>ヘッダー ファイル</Filter>
    </ClInclude>
    <ClInclude Include="src\include\receptionist.h">
      <Filter>ヘッダー ファイル\AddFile\Nishio\Charactor\Reception</Filter>
    </ClInclude>
    <ClInclude Include="src\include\rankinggraphmanager.h">
      <Filter>ヘッダー ファイル\AddFile\Nishio\ui</Filter>
    </ClInclude>
    <ClInclude Include="src\include\rankinggraph.h">
      <Filter>ヘッダー ファイル\AddFile\Nishio\ui</Filter>
    </ClInclude>
    <ClInclude Include="src\include\resulticon.h">
      <Filter>ヘッダー ファイル\AddFile\Nishio\ui</Filter>
    </ClInclude>
    <ClInclude Include="src\include\auditor.h">
      <Filter>ヘッダー ファイル\AddFile\Nishio\Charactor\auditor</Filter>
    </ClInclude>
    <ClInclude Include="src\include\auditormanager.h">
      <Filter>ヘッダー ファイル\AddFile\Nishio\Charactor\auditor</Filter>
    </ClInclude>
    <ClInclude Include="src\include\createjsonauditor.h">
      <Filter>ヘッダー ファイル\JsonUtil\CreateClass</Filter>
    </ClInclude>
    <ClInclude Include="src\include\afkbench.h">
      <Filter>ヘッダー ファイル</Filter>
    </ClInclude>
    <ClInclude Include="src\include\auditorutility.h">
      <Filter>ヘッダー ファイル\AddFile\Nishio\Charactor\auditor</Filter>
    </ClInclude>
    <ClInclude Include="src\include\playerstatebench.h">
      <Filter>ヘッダー ファイル</Filter>
    </ClInclude>
    <ClInclude Include="src\include\enemyutility.h">
      <Filter>ヘッダー ファイル</Filter>
    </ClInclude>
    <ClInclude Include="src\include\enemystatedoubt.h">
      <Filter>ヘッダー ファイル\AddFile\Nishio\Charactor\Enemy</Filter>
    </ClInclude>
    <ClInclude Include="src\include\billboardmulti.h">
      <Filter>ヘッダー ファイル\ObjectClass\3D</Filter>
    </ClInclude>
    <ClInclude Include="src\include\enemydoubtgauge.h">
      <Filter>ヘッダー ファイル\AddFile\Nishio\ui</Filter>
    </ClInclude>
    <ClInclude Include="src\include\pointobject.h">
      <Filter>ヘッダー ファイル</Filter>
    </ClInclude>
    <ClInclude Include="src\include\number3d.h">
      <Filter>ヘッダー ファイル</Filter>
    </ClInclude>
    <ClInclude Include="src\include\scorepop.h">
      <Filter>ヘッダー ファイル</Filter>
    </ClInclude>
    <ClInclude Include="src\include\playerutility.h">
      <Filter>ヘッダー ファイル\AddFile\Chikada\player\Main</Filter>
    </ClInclude>
  </ItemGroup>
</Project>